// !$*UTF8*$!
{
	archiveVersion = 1;
	classes = {
	};
	objectVersion = 46;
	objects = {

/* Begin PBXBuildFile section */
		0CB3D5F51E68547A0081DFBC /* ReusableExtension.swift in Sources */ = {isa = PBXBuildFile; fileRef = 0CB3D5F41E68547A0081DFBC /* ReusableExtension.swift */; };
		0CBF06161E67DB63005BB636 /* AppDelegate.swift in Sources */ = {isa = PBXBuildFile; fileRef = 0CBF06151E67DB63005BB636 /* AppDelegate.swift */; };
		0CBF061B1E67DB63005BB636 /* Main.storyboard in Resources */ = {isa = PBXBuildFile; fileRef = 0CBF06191E67DB63005BB636 /* Main.storyboard */; };
		0CBF061D1E67DB63005BB636 /* Assets.xcassets in Resources */ = {isa = PBXBuildFile; fileRef = 0CBF061C1E67DB63005BB636 /* Assets.xcassets */; };
		0CBF06201E67DB63005BB636 /* LaunchScreen.storyboard in Resources */ = {isa = PBXBuildFile; fileRef = 0CBF061E1E67DB63005BB636 /* LaunchScreen.storyboard */; };
		0CBF062A1E67EB2A005BB636 /* SignInVC.swift in Sources */ = {isa = PBXBuildFile; fileRef = 0CBF06291E67EB2A005BB636 /* SignInVC.swift */; };
		0CBF062C1E67EB3D005BB636 /* SignUpVC.swift in Sources */ = {isa = PBXBuildFile; fileRef = 0CBF062B1E67EB3D005BB636 /* SignUpVC.swift */; };
		0CBF062E1E680E05005BB636 /* HomeVC.swift in Sources */ = {isa = PBXBuildFile; fileRef = 0CBF062D1E680E05005BB636 /* HomeVC.swift */; };
/* End PBXBuildFile section */

/* Begin PBXFileReference section */
		0CB3D5F41E68547A0081DFBC /* ReusableExtension.swift */ = {isa = PBXFileReference; fileEncoding = 4; lastKnownFileType = sourcecode.swift; path = ReusableExtension.swift; sourceTree = "<group>"; };
		0CBF06121E67DB63005BB636 /* Task_7.app */ = {isa = PBXFileReference; explicitFileType = wrapper.application; includeInIndex = 0; path = Task_7.app; sourceTree = BUILT_PRODUCTS_DIR; };
		0CBF06151E67DB63005BB636 /* AppDelegate.swift */ = {isa = PBXFileReference; lastKnownFileType = sourcecode.swift; path = AppDelegate.swift; sourceTree = "<group>"; };
		0CBF061A1E67DB63005BB636 /* Base */ = {isa = PBXFileReference; lastKnownFileType = file.storyboard; name = Base; path = Base.lproj/Main.storyboard; sourceTree = "<group>"; };
		0CBF061C1E67DB63005BB636 /* Assets.xcassets */ = {isa = PBXFileReference; lastKnownFileType = folder.assetcatalog; path = Assets.xcassets; sourceTree = "<group>"; };
		0CBF061F1E67DB63005BB636 /* Base */ = {isa = PBXFileReference; lastKnownFileType = file.storyboard; name = Base; path = Base.lproj/LaunchScreen.storyboard; sourceTree = "<group>"; };
		0CBF06211E67DB63005BB636 /* Info.plist */ = {isa = PBXFileReference; lastKnownFileType = text.plist.xml; path = Info.plist; sourceTree = "<group>"; };
		0CBF06291E67EB2A005BB636 /* SignInVC.swift */ = {isa = PBXFileReference; fileEncoding = 4; lastKnownFileType = sourcecode.swift; path = SignInVC.swift; sourceTree = "<group>"; };
		0CBF062B1E67EB3D005BB636 /* SignUpVC.swift */ = {isa = PBXFileReference; fileEncoding = 4; lastKnownFileType = sourcecode.swift; path = SignUpVC.swift; sourceTree = "<group>"; };
		0CBF062D1E680E05005BB636 /* HomeVC.swift */ = {isa = PBXFileReference; fileEncoding = 4; lastKnownFileType = sourcecode.swift; path = HomeVC.swift; sourceTree = "<group>"; };
/* End PBXFileReference section */

/* Begin PBXFrameworksBuildPhase section */
		0CBF060F1E67DB63005BB636 /* Frameworks */ = {
			isa = PBXFrameworksBuildPhase;
			buildActionMask = 2147483647;
			files = (
			);
			runOnlyForDeploymentPostprocessing = 0;
		};
/* End PBXFrameworksBuildPhase section */

/* Begin PBXGroup section */
		0CBF06091E67DB63005BB636 = {
			isa = PBXGroup;
			children = (
				0CBF06141E67DB63005BB636 /* Task_7 */,
				0CBF06131E67DB63005BB636 /* Products */,
			);
			sourceTree = "<group>";
		};
		0CBF06131E67DB63005BB636 /* Products */ = {
			isa = PBXGroup;
			children = (
				0CBF06121E67DB63005BB636 /* Task_7.app */,
			);
			name = Products;
			sourceTree = "<group>";
		};
		0CBF06141E67DB63005BB636 /* Task_7 */ = {
			isa = PBXGroup;
			children = (
				0CBF06151E67DB63005BB636 /* AppDelegate.swift */,
				0CB3D5F41E68547A0081DFBC /* ReusableExtension.swift */,
				0CBF062D1E680E05005BB636 /* HomeVC.swift */,
				0CBF06291E67EB2A005BB636 /* SignInVC.swift */,
				0CBF062B1E67EB3D005BB636 /* SignUpVC.swift */,
				0CBF06191E67DB63005BB636 /* Main.storyboard */,
				0CBF061C1E67DB63005BB636 /* Assets.xcassets */,
				0CBF061E1E67DB63005BB636 /* LaunchScreen.storyboard */,
				0CBF06211E67DB63005BB636 /* Info.plist */,
			);
			path = Task_7;
			sourceTree = "<group>";
		};
/* End PBXGroup section */

/* Begin PBXNativeTarget section */
		0CBF06111E67DB63005BB636 /* Task_7 */ = {
			isa = PBXNativeTarget;
			buildConfigurationList = 0CBF06241E67DB63005BB636 /* Build configuration list for PBXNativeTarget "Task_7" */;
			buildPhases = (
				0CBF060E1E67DB63005BB636 /* Sources */,
				0CBF060F1E67DB63005BB636 /* Frameworks */,
				0CBF06101E67DB63005BB636 /* Resources */,
			);
			buildRules = (
			);
			dependencies = (
			);
			name = Task_7;
			productName = Task_7;
			productReference = 0CBF06121E67DB63005BB636 /* Task_7.app */;
			productType = "com.apple.product-type.application";
		};
/* End PBXNativeTarget section */

/* Begin PBXProject section */
		0CBF060A1E67DB63005BB636 /* Project object */ = {
			isa = PBXProject;
			attributes = {
				LastSwiftUpdateCheck = 0820;
				LastUpgradeCheck = 0820;
				ORGANIZATIONNAME = Appinventiv;
				TargetAttributes = {
					0CBF06111E67DB63005BB636 = {
						CreatedOnToolsVersion = 8.2.1;
						ProvisioningStyle = Automatic;
					};
				};
			};
			buildConfigurationList = 0CBF060D1E67DB63005BB636 /* Build configuration list for PBXProject "Task_7" */;
			compatibilityVersion = "Xcode 3.2";
			developmentRegion = English;
			hasScannedForEncodings = 0;
			knownRegions = (
				en,
				Base,
			);
			mainGroup = 0CBF06091E67DB63005BB636;
			productRefGroup = 0CBF06131E67DB63005BB636 /* Products */;
			projectDirPath = "";
			projectRoot = "";
			targets = (
				0CBF06111E67DB63005BB636 /* Task_7 */,
			);
		};
/* End PBXProject section */

/* Begin PBXResourcesBuildPhase section */
		0CBF06101E67DB63005BB636 /* Resources */ = {
			isa = PBXResourcesBuildPhase;
			buildActionMask = 2147483647;
			files = (
				0CBF06201E67DB63005BB636 /* LaunchScreen.storyboard in Resources */,
				0CBF061D1E67DB63005BB636 /* Assets.xcassets in Resources */,
				0CBF061B1E67DB63005BB636 /* Main.storyboard in Resources */,
			);
			runOnlyForDeploymentPostprocessing = 0;
		};
/* End PBXResourcesBuildPhase section */

/* Begin PBXSourcesBuildPhase section */
		0CBF060E1E67DB63005BB636 /* Sources */ = {
			isa = PBXSourcesBuildPhase;
			buildActionMask = 2147483647;
			files = (
				0CB3D5F51E68547A0081DFBC /* ReusableExtension.swift in Sources */,
				0CBF062C1E67EB3D005BB636 /* SignUpVC.swift in Sources */,
				0CBF062E1E680E05005BB636 /* HomeVC.swift in Sources */,
				0CBF06161E67DB63005BB636 /* AppDelegate.swift in Sources */,
				0CBF062A1E67EB2A005BB636 /* SignInVC.swift in Sources */,
			);
			runOnlyForDeploymentPostprocessing = 0;
		};
/* End PBXSourcesBuildPhase section */

/* Begin PBXVariantGroup section */
		0CBF06191E67DB63005BB636 /* Main.storyboard */ = {
			isa = PBXVariantGroup;
			children = (
				0CBF061A1E67DB63005BB636 /* Base */,
			);
			name = Main.storyboard;
			sourceTree = "<group>";
		};
		0CBF061E1E67DB63005BB636 /* LaunchScreen.storyboard */ = {
			isa = PBXVariantGroup;
			children = (
				0CBF061F1E67DB63005BB636 /* Base */,
			);
			name = LaunchScreen.storyboard;
			sourceTree = "<group>";
		};
/* End PBXVariantGroup section */

/* Begin XCBuildConfiguration section */
		0CBF06221E67DB63005BB636 /* Debug */ = {
			isa = XCBuildConfiguration;
			buildSettings = {
				ALWAYS_SEARCH_USER_PATHS = NO;
				CLANG_ANALYZER_NONNULL = YES;
				CLANG_CXX_LANGUAGE_STANDARD = "gnu++0x";
				CLANG_CXX_LIBRARY = "libc++";
				CLANG_ENABLE_MODULES = YES;
				CLANG_ENABLE_OBJC_ARC = YES;
				CLANG_WARN_BOOL_CONVERSION = YES;
				CLANG_WARN_CONSTANT_CONVERSION = YES;
				CLANG_WARN_DIRECT_OBJC_ISA_USAGE = YES_ERROR;
				CLANG_WARN_DOCUMENTATION_COMMENTS = YES;
				CLANG_WARN_EMPTY_BODY = YES;
				CLANG_WARN_ENUM_CONVERSION = YES;
				CLANG_WARN_INFINITE_RECURSION = YES;
				CLANG_WARN_INT_CONVERSION = YES;
				CLANG_WARN_OBJC_ROOT_CLASS = YES_ERROR;
				CLANG_WARN_SUSPICIOUS_MOVE = YES;
				CLANG_WARN_UNREACHABLE_CODE = YES;
				CLANG_WARN__DUPLICATE_METHOD_MATCH = YES;
				"CODE_SIGN_IDENTITY[sdk=iphoneos*]" = "iPhone Developer";
				COPY_PHASE_STRIP = NO;
				DEBUG_INFORMATION_FORMAT = dwarf;
				ENABLE_STRICT_OBJC_MSGSEND = YES;
				ENABLE_TESTABILITY = YES;
				GCC_C_LANGUAGE_STANDARD = gnu99;
				GCC_DYNAMIC_NO_PIC = NO;
				GCC_NO_COMMON_BLOCKS = YES;
				GCC_OPTIMIZATION_LEVEL = 0;
				GCC_PREPROCESSOR_DEFINITIONS = (
					"DEBUG=1",
					"$(inherited)",
				);
				GCC_WARN_64_TO_32_BIT_CONVERSION = YES;
				GCC_WARN_ABOUT_RETURN_TYPE = YES_ERROR;
				GCC_WARN_UNDECLARED_SELECTOR = YES;
				GCC_WARN_UNINITIALIZED_AUTOS = YES_AGGRESSIVE;
				GCC_WARN_UNUSED_FUNCTION = YES;
				GCC_WARN_UNUSED_VARIABLE = YES;
				IPHONEOS_DEPLOYMENT_TARGET = 10.2;
				MTL_ENABLE_DEBUG_INFO = YES;
				ONLY_ACTIVE_ARCH = YES;
				SDKROOT = iphoneos;
				SWIFT_ACTIVE_COMPILATION_CONDITIONS = DEBUG;
				SWIFT_OPTIMIZATION_LEVEL = "-Onone";
				TARGETED_DEVICE_FAMILY = "1,2";
			};
			name = Debug;
		};
		0CBF06231E67DB63005BB636 /* Release */ = {
			isa = XCBuildConfiguration;
			buildSettings = {
				ALWAYS_SEARCH_USER_PATHS = NO;
				CLANG_ANALYZER_NONNULL = YES;
				CLANG_CXX_LANGUAGE_STANDARD = "gnu++0x";
				CLANG_CXX_LIBRARY = "libc++";
				CLANG_ENABLE_MODULES = YES;
				CLANG_ENABLE_OBJC_ARC = YES;
				CLANG_WARN_BOOL_CONVERSION = YES;
				CLANG_WARN_CONSTANT_CONVERSION = YES;
				CLANG_WARN_DIRECT_OBJC_ISA_USAGE = YES_ERROR;
				CLANG_WARN_DOCUMENTATION_COMMENTS = YES;
				CLANG_WARN_EMPTY_BODY = YES;
				CLANG_WARN_ENUM_CONVERSION = YES;
				CLANG_WARN_INFINITE_RECURSION = YES;
				CLANG_WARN_INT_CONVERSION = YES;
				CLANG_WARN_OBJC_ROOT_CLASS = YES_ERROR;
				CLANG_WARN_SUSPICIOUS_MOVE = YES;
				CLANG_WARN_UNREACHABLE_CODE = YES;
				CLANG_WARN__DUPLICATE_METHOD_MATCH = YES;
				"CODE_SIGN_IDENTITY[sdk=iphoneos*]" = "iPhone Developer";
				COPY_PHASE_STRIP = NO;
				DEBUG_INFORMATION_FORMAT = "dwarf-with-dsym";
				ENABLE_NS_ASSERTIONS = NO;
				ENABLE_STRICT_OBJC_MSGSEND = YES;
				GCC_C_LANGUAGE_STANDARD = gnu99;
				GCC_NO_COMMON_BLOCKS = YES;
				GCC_WARN_64_TO_32_BIT_CONVERSION = YES;
				GCC_WARN_ABOUT_RETURN_TYPE = YES_ERROR;
				GCC_WARN_UNDECLARED_SELECTOR = YES;
				GCC_WARN_UNINITIALIZED_AUTOS = YES_AGGRESSIVE;
				GCC_WARN_UNUSED_FUNCTION = YES;
				GCC_WARN_UNUSED_VARIABLE = YES;
				IPHONEOS_DEPLOYMENT_TARGET = 10.2;
				MTL_ENABLE_DEBUG_INFO = NO;
				SDKROOT = iphoneos;
				SWIFT_OPTIMIZATION_LEVEL = "-Owholemodule";
				TARGETED_DEVICE_FAMILY = "1,2";
				VALIDATE_PRODUCT = YES;
			};
			name = Release;
		};
		0CBF06251E67DB63005BB636 /* Debug */ = {
			isa = XCBuildConfiguration;
			buildSettings = {
				ASSETCATALOG_COMPILER_APPICON_NAME = AppIcon;
				INFOPLIST_FILE = Task_7/Info.plist;
				LD_RUNPATH_SEARCH_PATHS = "$(inherited) @executable_path/Frameworks";
				PRODUCT_BUNDLE_IDENTIFIER = "Appinventiv.Task-7";
				PRODUCT_NAME = "$(TARGET_NAME)";
				SWIFT_VERSION = 3.0;
			};
			name = Debug;
		};
		0CBF06261E67DB63005BB636 /* Release */ = {
			isa = XCBuildConfiguration;
			buildSettings = {
				ASSETCATALOG_COMPILER_APPICON_NAME = AppIcon;
				INFOPLIST_FILE = Task_7/Info.plist;
				LD_RUNPATH_SEARCH_PATHS = "$(inherited) @executable_path/Frameworks";
				PRODUCT_BUNDLE_IDENTIFIER = "Appinventiv.Task-7";
				PRODUCT_NAME = "$(TARGET_NAME)";
				SWIFT_VERSION = 3.0;
			};
			name = Release;
		};
/* End XCBuildConfiguration section */

/* Begin XCConfigurationList section */
		0CBF060D1E67DB63005BB636 /* Build configuration list for PBXProject "Task_7" */ = {
			isa = XCConfigurationList;
			buildConfigurations = (
				0CBF06221E67DB63005BB636 /* Debug */,
				0CBF06231E67DB63005BB636 /* Release */,
			);
			defaultConfigurationIsVisible = 0;
			defaultConfigurationName = Release;
		};
		0CBF06241E67DB63005BB636 /* Build configuration list for PBXNativeTarget "Task_7" */ = {
			isa = XCConfigurationList;
			buildConfigurations = (
				0CBF06251E67DB63005BB636 /* Debug */,
				0CBF06261E67DB63005BB636 /* Release */,
			);
			defaultConfigurationIsVisible = 0;
			defaultConfigurationName = Release;
		};
/* End XCConfigurationList section */
	};
	rootObject = 0CBF060A1E67DB63005BB636 /* Project object */;
}
